# THIS IS AN AUTOGENERATED FILE. DO NOT EDIT THIS FILE DIRECTLY.
# yarn lockfile v1


"@types/jquery@^3.2.2":
  version "3.2.2"
  resolved "https://registry.yarnpkg.com/@types/jquery/-/jquery-3.2.2.tgz#419b34006b570724642fffb716b05d5b19a6bde3"

hwrld@^1.0.0:
  version "1.0.0"
  resolved "https://registry.yarnpkg.com/hwrld/-/hwrld-1.0.0.tgz#1e2f1a2b67854547f31c027735a23b70c063e96c"

jquery@^3.2.1:
  version "3.2.1"
  resolved "https://registry.yarnpkg.com/jquery/-/jquery-3.2.1.tgz#5c4d9de652af6cd0a770154a631bba12b015c787"
